
Microsoft Visual Studio Solution File, Format Version 12.00
# Visual Studio Version 17
VisualStudioVersion = 17.2.32526.322
MinimumVisualStudioVersion = 10.0.40219.1
Project("{9A19103F-16F7-4668-BE54-9A1E7A4F7556}") = "Catalog.Api", "Catalog.Api\Catalog.Api.csproj", "{15DC10ED-55F7-4640-B8A8-74A2DFFFE1EF}"
EndProject
Project("{9A19103F-16F7-4668-BE54-9A1E7A4F7556}") = "Catalog.Test", "Catalog.Test\Catalog.Test.csproj", "{2D39639D-948A-4C59-95C3-B00A204B3946}"
EndProject
Global
	GlobalSection(SolutionConfigurationPlatforms) = preSolution
		Debug|Any CPU = Debug|Any CPU
		Release|Any CPU = Release|Any CPU
	EndGlobalSection
	GlobalSection(ProjectConfigurationPlatforms) = postSolution
		{15DC10ED-55F7-4640-B8A8-74A2DFFFE1EF}.Debug|Any CPU.ActiveCfg = Debug|Any CPU
		{15DC10ED-55F7-4640-B8A8-74A2DFFFE1EF}.Debug|Any CPU.Build.0 = Debug|Any CPU
		{15DC10ED-55F7-4640-B8A8-74A2DFFFE1EF}.Release|Any CPU.ActiveCfg = Release|Any CPU
		{15DC10ED-55F7-4640-B8A8-74A2DFFFE1EF}.Release|Any CPU.Build.0 = Release|Any CPU
		{2D39639D-948A-4C59-95C3-B00A204B3946}.Debug|Any CPU.ActiveCfg = Debug|Any CPU
		{2D39639D-948A-4C59-95C3-B00A204B3946}.Debug|Any CPU.Build.0 = Debug|Any CPU
		{2D39639D-948A-4C59-95C3-B00A204B3946}.Release|Any CPU.ActiveCfg = Release|Any CPU
		{2D39639D-948A-4C59-95C3-B00A204B3946}.Release|Any CPU.Build.0 = Release|Any CPU
	EndGlobalSection
	GlobalSection(SolutionProperties) = preSolution
		HideSolutionNode = FALSE
	EndGlobalSection
	GlobalSection(ExtensibilityGlobals) = postSolution
		SolutionGuid = {A6DEFCCE-E8C9-4843-A9EB-BE35564249E9}
	EndGlobalSection
EndGlobal
